
Microsoft Visual Studio Solution File, Format Version 12.00
# Visual Studio Version 16
VisualStudioVersion = 16.0.30804.86
MinimumVisualStudioVersion = 10.0.40219.1
Project("{9A19103F-16F7-4668-BE54-9A1E7A4F7556}") = "Luby", "Luby\Luby.csproj", "{0B06A791-439B-4465-88D3-1F57490E3482}"
EndProject
Project("{FAE04EC0-301F-11D3-BF4B-00C04F79EFBC}") = "VendingMachine", "VendingMachine\VendingMachine.csproj", "{D7451346-C54D-4496-8F4C-01E75F07CF45}"
EndProject
Global
	GlobalSection(SolutionConfigurationPlatforms) = preSolution
		Debug|Any CPU = Debug|Any CPU
		Release|Any CPU = Release|Any CPU
	EndGlobalSection
	GlobalSection(ProjectConfigurationPlatforms) = postSolution
		{0B06A791-439B-4465-88D3-1F57490E3482}.Debug|Any CPU.ActiveCfg = Debug|Any CPU
		{0B06A791-439B-4465-88D3-1F57490E3482}.Debug|Any CPU.Build.0 = Debug|Any CPU
		{0B06A791-439B-4465-88D3-1F57490E3482}.Release|Any CPU.ActiveCfg = Release|Any CPU
		{0B06A791-439B-4465-88D3-1F57490E3482}.Release|Any CPU.Build.0 = Release|Any CPU
		{D7451346-C54D-4496-8F4C-01E75F07CF45}.Debug|Any CPU.ActiveCfg = Debug|Any CPU
		{D7451346-C54D-4496-8F4C-01E75F07CF45}.Debug|Any CPU.Build.0 = Debug|Any CPU
		{D7451346-C54D-4496-8F4C-01E75F07CF45}.Release|Any CPU.ActiveCfg = Release|Any CPU
		{D7451346-C54D-4496-8F4C-01E75F07CF45}.Release|Any CPU.Build.0 = Release|Any CPU
	EndGlobalSection
	GlobalSection(SolutionProperties) = preSolution
		HideSolutionNode = FALSE
	EndGlobalSection
	GlobalSection(ExtensibilityGlobals) = postSolution
		SolutionGuid = {3FDB8750-CE1B-4410-A048-A62FEB5E0F5F}
	EndGlobalSection
EndGlobal
